
Microsoft Visual Studio Solution File, Format Version 12.00
Project("{FAE04EC0-301F-11D3-BF4B-00C04F79EFBC}") = "SEP3BlazorT1Client", "SEP3BlazorT1Client\SEP3BlazorT1Client.csproj", "{C990AF4B-4308-409B-B3BA-6A0054BEB41D}"
EndProject
Global
	GlobalSection(SolutionConfigurationPlatforms) = preSolution
		Debug|Any CPU = Debug|Any CPU
		Release|Any CPU = Release|Any CPU
	EndGlobalSection
	GlobalSection(ProjectConfigurationPlatforms) = postSolution
		{C990AF4B-4308-409B-B3BA-6A0054BEB41D}.Debug|Any CPU.ActiveCfg = Debug|Any CPU
		{C990AF4B-4308-409B-B3BA-6A0054BEB41D}.Debug|Any CPU.Build.0 = Debug|Any CPU
		{C990AF4B-4308-409B-B3BA-6A0054BEB41D}.Release|Any CPU.ActiveCfg = Release|Any CPU
		{C990AF4B-4308-409B-B3BA-6A0054BEB41D}.Release|Any CPU.Build.0 = Release|Any CPU
	EndGlobalSection
EndGlobal
